hash: 7e246c86db2aced40ac227767f4bf09e83e8d6380f61687b5027bf206cef5038
updated: 2016-10-28T00:06:30.47659502+02:00
imports:
- name: golang.org/x/sys
  version: c200b10b5d5e122be351b67af224adc6128af5bf
  subpackages:
  - unix
- name: gopkg.in/Sirupsen/logrus.v0
  version: 4b6ea7319e214d98c938f12692336f7ca9348d6b
testImports: []
